
Microsoft Visual Studio Solution File, Format Version 12.00
# Visual Studio Version 17
VisualStudioVersion = 17.10.34928.147
MinimumVisualStudioVersion = 10.0.40219.1
Project("{FAE04EC0-301F-11D3-BF4B-00C04F79EFBC}") = "Word Compressor", "Word Compressor\Word Compressor.csproj", "{B4A1FA86-C51E-4D05-807C-513A2E76F500}"
EndProject
Global
	GlobalSection(SolutionConfigurationPlatforms) = preSolution
		Debug|Any CPU = Debug|Any CPU
		Release|Any CPU = Release|Any CPU
	EndGlobalSection
	GlobalSection(ProjectConfigurationPlatforms) = postSolution
		{B4A1FA86-C51E-4D05-807C-513A2E76F500}.Debug|Any CPU.ActiveCfg = Debug|Any CPU
		{B4A1FA86-C51E-4D05-807C-513A2E76F500}.Debug|Any CPU.Build.0 = Debug|Any CPU
		{B4A1FA86-C51E-4D05-807C-513A2E76F500}.Release|Any CPU.ActiveCfg = Release|Any CPU
		{B4A1FA86-C51E-4D05-807C-513A2E76F500}.Release|Any CPU.Build.0 = Release|Any CPU
	EndGlobalSection
	GlobalSection(SolutionProperties) = preSolution
		HideSolutionNode = FALSE
	EndGlobalSection
	GlobalSection(ExtensibilityGlobals) = postSolution
		SolutionGuid = {6818E8FA-6863-4BD2-A644-4297407CDBF6}
	EndGlobalSection
EndGlobal
